// !$*UTF8*$!
{
	archiveVersion = 1;
	classes = {
	};
	objectVersion = 46;
	objects = {

/* Begin PBXBuildFile section */
		5F1585941B3591E0002BDF72 /* AVFoundation.framework in Frameworks */ = {isa = PBXBuildFile; fileRef = 5F1585891B3591E0002BDF72 /* AVFoundation.framework */; };
		5F1585951B3591E0002BDF72 /* CoreMedia.framework in Frameworks */ = {isa = PBXBuildFile; fileRef = 5F15858A1B3591E0002BDF72 /* CoreMedia.framework */; };
		5F1585961B3591E0002BDF72 /* Accelerate.framework in Frameworks */ = {isa = PBXBuildFile; fileRef = 5F15858B1B3591E0002BDF72 /* Accelerate.framework */; };
		5F1585971B3591E0002BDF72 /* AudioToolbox.framework in Frameworks */ = {isa = PBXBuildFile; fileRef = 5F15858C1B3591E0002BDF72 /* AudioToolbox.framework */; };
		5F1585981B3591E0002BDF72 /* AudioUnit.framework in Frameworks */ = {isa = PBXBuildFile; fileRef = 5F15858D1B3591E0002BDF72 /* AudioUnit.framework */; };
		5F1585991B3591E0002BDF72 /* CoreAudio.framework in Frameworks */ = {isa = PBXBuildFile; fileRef = 5F15858E1B3591E0002BDF72 /* CoreAudio.framework */; };
		5F15859A1B3591E0002BDF72 /* CoreVideo.framework in Frameworks */ = {isa = PBXBuildFile; fileRef = 5F15858F1B3591E0002BDF72 /* CoreVideo.framework */; };
		5F15859B1B3591E0002BDF72 /* OpenGL.framework in Frameworks */ = {isa = PBXBuildFile; fileRef = 5F1585901B3591E0002BDF72 /* OpenGL.framework */; };
		5F15859C1B3591E0002BDF72 /* Cocoa.framework in Frameworks */ = {isa = PBXBuildFile; fileRef = 5F1585911B3591E0002BDF72 /* Cocoa.framework */; };
		5F15859D1B3591E0002BDF72 /* IOKit.framework in Frameworks */ = {isa = PBXBuildFile; fileRef = 5F1585921B3591E0002BDF72 /* IOKit.framework */; };
		5F15859E1B3591E0002BDF72 /* IOSurface.framework in Frameworks */ = {isa = PBXBuildFile; fileRef = 5F1585931B3591E0002BDF72 /* IOSurface.framework */; };
		5F7D31671BC9D9AF0022CF0E /* include in Resources */ = {isa = PBXBuildFile; fileRef = 5F7D31661BC9D9AF0022CF0E /* include */; };
		7EC1B98538724130846ECE4E /* AsioTesterApp.cpp in Sources */ = {isa = PBXBuildFile; fileRef = C3BEAD7A5D0D4C6D9557CF39 /* AsioTesterApp.cpp */; };
		EA007EB225F447EDB6586DAC /* CinderApp.icns in Resources */ = {isa = PBXBuildFile; fileRef = 122866AA5CAE4600A2625382 /* CinderApp.icns */; };
/* End PBXBuildFile section */

/* Begin PBXFileReference section */
		122866AA5CAE4600A2625382 /* CinderApp.icns */ = {isa = PBXFileReference; lastKnownFileType = image.icns; name = CinderApp.icns; path = ../resources/CinderApp.icns; sourceTree = "<group>"; };
		29B97324FDCFA39411CA2CEA /* AppKit.framework */ = {isa = PBXFileReference; lastKnownFileType = wrapper.framework; name = AppKit.framework; path = /System/Library/Frameworks/AppKit.framework; sourceTree = "<absolute>"; };
		29B97325FDCFA39411CA2CEA /* Foundation.framework */ = {isa = PBXFileReference; lastKnownFileType = wrapper.framework; name = Foundation.framework; path = /System/Library/Frameworks/Foundation.framework; sourceTree = "<absolute>"; };
		5F1585891B3591E0002BDF72 /* AVFoundation.framework */ = {isa = PBXFileReference; lastKnownFileType = wrapper.framework; name = AVFoundation.framework; path = System/Library/Frameworks/AVFoundation.framework; sourceTree = SDKROOT; };
		5F15858A1B3591E0002BDF72 /* CoreMedia.framework */ = {isa = PBXFileReference; lastKnownFileType = wrapper.framework; name = CoreMedia.framework; path = System/Library/Frameworks/CoreMedia.framework; sourceTree = SDKROOT; };
		5F15858B1B3591E0002BDF72 /* Accelerate.framework */ = {isa = PBXFileReference; lastKnownFileType = wrapper.framework; name = Accelerate.framework; path = System/Library/Frameworks/Accelerate.framework; sourceTree = SDKROOT; };
		5F15858C1B3591E0002BDF72 /* AudioToolbox.framework */ = {isa = PBXFileReference; lastKnownFileType = wrapper.framework; name = AudioToolbox.framework; path = System/Library/Frameworks/AudioToolbox.framework; sourceTree = SDKROOT; };
		5F15858D1B3591E0002BDF72 /* AudioUnit.framework */ = {isa = PBXFileReference; lastKnownFileType = wrapper.framework; name = AudioUnit.framework; path = System/Library/Frameworks/AudioUnit.framework; sourceTree = SDKROOT; };
		5F15858E1B3591E0002BDF72 /* CoreAudio.framework */ = {isa = PBXFileReference; lastKnownFileType = wrapper.framework; name = CoreAudio.framework; path = System/Library/Frameworks/CoreAudio.framework; sourceTree = SDKROOT; };
		5F15858F1B3591E0002BDF72 /* CoreVideo.framework */ = {isa = PBXFileReference; lastKnownFileType = wrapper.framework; name = CoreVideo.framework; path = ../../../../../../../../System/Library/Frameworks/CoreVideo.framework; sourceTree = "<group>"; };
		5F1585901B3591E0002BDF72 /* OpenGL.framework */ = {isa = PBXFileReference; lastKnownFileType = wrapper.framework; name = OpenGL.framework; path = ../../../../../../../../System/Library/Frameworks/OpenGL.framework; sourceTree = "<group>"; };
		5F1585911B3591E0002BDF72 /* Cocoa.framework */ = {isa = PBXFileReference; lastKnownFileType = wrapper.framework; name = Cocoa.framework; path = ../../../../../../../../System/Library/Frameworks/Cocoa.framework; sourceTree = "<group>"; };
		5F1585921B3591E0002BDF72 /* IOKit.framework */ = {isa = PBXFileReference; lastKnownFileType = wrapper.framework; name = IOKit.framework; path = System/Library/Frameworks/IOKit.framework; sourceTree = SDKROOT; };
		5F1585931B3591E0002BDF72 /* IOSurface.framework */ = {isa = PBXFileReference; lastKnownFileType = wrapper.framework; name = IOSurface.framework; path = System/Library/Frameworks/IOSurface.framework; sourceTree = SDKROOT; };
		5F7D31661BC9D9AF0022CF0E /* include */ = {isa = PBXFileReference; lastKnownFileType = folder; name = include; path = ../../../include; sourceTree = "<group>"; };
		80C6F1CA2F74492B98107C67 /* Resources.h */ = {isa = PBXFileReference; lastKnownFileType = sourcecode.c.h; name = Resources.h; path = ../include/Resources.h; sourceTree = "<group>"; };
		8D1107320486CEB800E47090 /* AsioTester.app */ = {isa = PBXFileReference; explicitFileType = wrapper.application; includeInIndex = 0; path = AsioTester.app; sourceTree = BUILT_PRODUCTS_DIR; };
		B05264A1B4134AE28030DB88 /* Info.plist */ = {isa = PBXFileReference; lastKnownFileType = text.plist.xml; path = Info.plist; sourceTree = "<group>"; };
		BF5C617876C14C3A9CCFAC88 /* AsioTester_Prefix.pch */ = {isa = PBXFileReference; lastKnownFileType = "\"\""; path = AsioTester_Prefix.pch; sourceTree = "<group>"; };
		C3BEAD7A5D0D4C6D9557CF39 /* AsioTesterApp.cpp */ = {isa = PBXFileReference; lastKnownFileType = sourcecode.c.cpp; name = AsioTesterApp.cpp; path = ../src/AsioTesterApp.cpp; sourceTree = "<group>"; };
/* End PBXFileReference section */

/* Begin PBXFrameworksBuildPhase section */
		8D11072E0486CEB800E47090 /* Frameworks */ = {
			isa = PBXFrameworksBuildPhase;
			buildActionMask = 2147483647;
			files = (
				5F15859A1B3591E0002BDF72 /* CoreVideo.framework in Frameworks */,
				5F15859B1B3591E0002BDF72 /* OpenGL.framework in Frameworks */,
				5F1585991B3591E0002BDF72 /* CoreAudio.framework in Frameworks */,
				5F15859D1B3591E0002BDF72 /* IOKit.framework in Frameworks */,
				5F1585981B3591E0002BDF72 /* AudioUnit.framework in Frameworks */,
				5F1585961B3591E0002BDF72 /* Accelerate.framework in Frameworks */,
				5F15859C1B3591E0002BDF72 /* Cocoa.framework in Frameworks */,
				5F1585951B3591E0002BDF72 /* CoreMedia.framework in Frameworks */,
				5F15859E1B3591E0002BDF72 /* IOSurface.framework in Frameworks */,
				5F1585941B3591E0002BDF72 /* AVFoundation.framework in Frameworks */,
				5F1585971B3591E0002BDF72 /* AudioToolbox.framework in Frameworks */,
			);
			runOnlyForDeploymentPostprocessing = 0;
		};
/* End PBXFrameworksBuildPhase section */

/* Begin PBXGroup section */
		01B97315FEAEA392516A2CEA /* Blocks */ = {
			isa = PBXGroup;
			children = (
				5F8555FC1AFFAFB800C2F25A /* CinderFileMonitor */,
			);
			name = Blocks;
			sourceTree = "<group>";
		};
		080E96DDFE201D6D7F000001 /* Source */ = {
			isa = PBXGroup;
			children = (
				C3BEAD7A5D0D4C6D9557CF39 /* AsioTesterApp.cpp */,
			);
			name = Source;
			sourceTree = "<group>";
		};
		1058C7A0FEA54F0111CA2CBB /* Linked Frameworks */ = {
			isa = PBXGroup;
			children = (
				5F1585891B3591E0002BDF72 /* AVFoundation.framework */,
				5F15858A1B3591E0002BDF72 /* CoreMedia.framework */,
				5F15858B1B3591E0002BDF72 /* Accelerate.framework */,
				5F15858C1B3591E0002BDF72 /* AudioToolbox.framework */,
				5F15858D1B3591E0002BDF72 /* AudioUnit.framework */,
				5F15858E1B3591E0002BDF72 /* CoreAudio.framework */,
				5F15858F1B3591E0002BDF72 /* CoreVideo.framework */,
				5F1585901B3591E0002BDF72 /* OpenGL.framework */,
				5F1585911B3591E0002BDF72 /* Cocoa.framework */,
				5F1585921B3591E0002BDF72 /* IOKit.framework */,
				5F1585931B3591E0002BDF72 /* IOSurface.framework */,
			);
			name = "Linked Frameworks";
			sourceTree = "<group>";
		};
		1058C7A2FEA54F0111CA2CBB /* Other Frameworks */ = {
			isa = PBXGroup;
			children = (
				29B97324FDCFA39411CA2CEA /* AppKit.framework */,
				29B97325FDCFA39411CA2CEA /* Foundation.framework */,
			);
			name = "Other Frameworks";
			sourceTree = "<group>";
		};
		19C28FACFE9D520D11CA2CBB /* Products */ = {
			isa = PBXGroup;
			children = (
				8D1107320486CEB800E47090 /* AsioTester.app */,
			);
			name = Products;
			sourceTree = "<group>";
		};
		29B97314FDCFA39411CA2CEA /* AsioTester */ = {
			isa = PBXGroup;
			children = (
				01B97315FEAEA392516A2CEA /* Blocks */,
				29B97315FDCFA39411CA2CEA /* Headers */,
				080E96DDFE201D6D7F000001 /* Source */,
				29B97317FDCFA39411CA2CEA /* Resources */,
				29B97323FDCFA39411CA2CEA /* Frameworks */,
				19C28FACFE9D520D11CA2CBB /* Products */,
			);
			name = AsioTester;
			sourceTree = "<group>";
		};
		29B97315FDCFA39411CA2CEA /* Headers */ = {
			isa = PBXGroup;
			children = (
				80C6F1CA2F74492B98107C67 /* Resources.h */,
				BF5C617876C14C3A9CCFAC88 /* AsioTester_Prefix.pch */,
			);
			name = Headers;
			sourceTree = "<group>";
		};
		29B97317FDCFA39411CA2CEA /* Resources */ = {
			isa = PBXGroup;
			children = (
				122866AA5CAE4600A2625382 /* CinderApp.icns */,
				B05264A1B4134AE28030DB88 /* Info.plist */,
			);
			name = Resources;
			sourceTree = "<group>";
		};
		29B97323FDCFA39411CA2CEA /* Frameworks */ = {
			isa = PBXGroup;
			children = (
				1058C7A0FEA54F0111CA2CBB /* Linked Frameworks */,
				1058C7A2FEA54F0111CA2CBB /* Other Frameworks */,
			);
			name = Frameworks;
			sourceTree = "<group>";
		};
		5F8555FC1AFFAFB800C2F25A /* CinderFileMonitor */ = {
			isa = PBXGroup;
			children = (
				5F7D31661BC9D9AF0022CF0E /* include */,
			);
			name = CinderFileMonitor;
			sourceTree = "<group>";
		};
/* End PBXGroup section */

/* Begin PBXNativeTarget section */
		8D1107260486CEB800E47090 /* AsioTester */ = {
			isa = PBXNativeTarget;
			buildConfigurationList = C01FCF4A08A954540054247B /* Build configuration list for PBXNativeTarget "AsioTester" */;
			buildPhases = (
				8D1107290486CEB800E47090 /* Resources */,
				8D11072C0486CEB800E47090 /* Sources */,
				8D11072E0486CEB800E47090 /* Frameworks */,
			);
			buildRules = (
			);
			dependencies = (
			);
			name = AsioTester;
			productInstallPath = "$(HOME)/Applications";
			productName = AsioTester;
			productReference = 8D1107320486CEB800E47090 /* AsioTester.app */;
			productType = "com.apple.product-type.application";
		};
/* End PBXNativeTarget section */

/* Begin PBXProject section */
		29B97313FDCFA39411CA2CEA /* Project object */ = {
			isa = PBXProject;
			attributes = {
			};
			buildConfigurationList = C01FCF4E08A954540054247B /* Build configuration list for PBXProject "AsioTester" */;
			compatibilityVersion = "Xcode 3.2";
			developmentRegion = English;
			hasScannedForEncodings = 1;
			knownRegions = (
				English,
				Japanese,
				French,
				German,
			);
			mainGroup = 29B97314FDCFA39411CA2CEA /* AsioTester */;
			projectDirPath = "";
			projectRoot = "";
			targets = (
				8D1107260486CEB800E47090 /* AsioTester */,
			);
		};
/* End PBXProject section */

/* Begin PBXResourcesBuildPhase section */
		8D1107290486CEB800E47090 /* Resources */ = {
			isa = PBXResourcesBuildPhase;
			buildActionMask = 2147483647;
			files = (
				EA007EB225F447EDB6586DAC /* CinderApp.icns in Resources */,
				5F7D31671BC9D9AF0022CF0E /* include in Resources */,
			);
			runOnlyForDeploymentPostprocessing = 0;
		};
/* End PBXResourcesBuildPhase section */

/* Begin PBXSourcesBuildPhase section */
		8D11072C0486CEB800E47090 /* Sources */ = {
			isa = PBXSourcesBuildPhase;
			buildActionMask = 2147483647;
			files = (
				7EC1B98538724130846ECE4E /* AsioTesterApp.cpp in Sources */,
			);
			runOnlyForDeploymentPostprocessing = 0;
		};
/* End PBXSourcesBuildPhase section */

/* Begin XCBuildConfiguration section */
		C01FCF4B08A954540054247B /* Debug */ = {
			isa = XCBuildConfiguration;
			buildSettings = {
				CINDER_PATH = ../../../../../../lib/cinder;
				COMBINE_HIDPI_IMAGES = YES;
				COPY_PHASE_STRIP = NO;
				DEAD_CODE_STRIPPING = YES;
				GCC_DYNAMIC_NO_PIC = NO;
				GCC_INLINES_ARE_PRIVATE_EXTERN = YES;
				GCC_OPTIMIZATION_LEVEL = 0;
				GCC_PRECOMPILE_PREFIX_HEADER = YES;
				GCC_PREFIX_HEADER = AsioTester_Prefix.pch;
				GCC_PREPROCESSOR_DEFINITIONS = (
					"DEBUG=1",
					"$(inherited)",
				);
				GCC_SYMBOLS_PRIVATE_EXTERN = NO;
				HEADER_SEARCH_PATHS = "\"$(CINDER_PATH)/include\"";
				INFOPLIST_FILE = Info.plist;
				INSTALL_PATH = "$(HOME)/Applications";
				OTHER_LDFLAGS = "\"$(CINDER_PATH)/lib/libcinder_d.a\"";
				PRODUCT_NAME = AsioTester;
				SYMROOT = ./build;
				USER_HEADER_SEARCH_PATHS = "\"$(CINDER_PATH)/include\" ../include ../../../include";
				WRAPPER_EXTENSION = app;
			};
			name = Debug;
		};
		C01FCF4C08A954540054247B /* Release */ = {
			isa = XCBuildConfiguration;
			buildSettings = {
				CINDER_PATH = ../../../../../../lib/cinder;
				COMBINE_HIDPI_IMAGES = YES;
				DEAD_CODE_STRIPPING = YES;
				DEBUG_INFORMATION_FORMAT = "dwarf-with-dsym";
				GCC_FAST_MATH = YES;
				GCC_GENERATE_DEBUGGING_SYMBOLS = NO;
				GCC_INLINES_ARE_PRIVATE_EXTERN = YES;
				GCC_OPTIMIZATION_LEVEL = 3;
				GCC_PRECOMPILE_PREFIX_HEADER = YES;
				GCC_PREFIX_HEADER = AsioTester_Prefix.pch;
				GCC_PREPROCESSOR_DEFINITIONS = (
					"NDEBUG=1",
					"$(inherited)",
				);
				GCC_SYMBOLS_PRIVATE_EXTERN = NO;
				HEADER_SEARCH_PATHS = "\"$(CINDER_PATH)/include\"";
				INFOPLIST_FILE = Info.plist;
				INSTALL_PATH = "$(HOME)/Applications";
				OTHER_LDFLAGS = "\"$(CINDER_PATH)/lib/libcinder.a\"";
				PRODUCT_NAME = AsioTester;
				STRIP_INSTALLED_PRODUCT = YES;
				SYMROOT = ./build;
				USER_HEADER_SEARCH_PATHS = "\"$(CINDER_PATH)/include\" ../include ../../../include";
				WRAPPER_EXTENSION = app;
			};
			name = Release;
		};
		C01FCF4F08A954540054247B /* Debug */ = {
			isa = XCBuildConfiguration;
			buildSettings = {
				ALWAYS_SEARCH_USER_PATHS = NO;
				ARCHS = x86_64;
				CINDER_PATH = ../../../../../lib/cinder;
				CLANG_CXX_LANGUAGE_STANDARD = "c++0x";
				CLANG_CXX_LIBRARY = "libc++";
				GCC_WARN_ABOUT_RETURN_TYPE = YES;
				GCC_WARN_UNUSED_VARIABLE = YES;
				HEADER_SEARCH_PATHS = "\"$(CINDER_PATH)/boost\"";
				MACOSX_DEPLOYMENT_TARGET = 10.8;
				SDKROOT = macosx;
				USER_HEADER_SEARCH_PATHS = "\"$(CINDER_PATH)/include\" ../include";
			};
			name = Debug;
		};
		C01FCF5008A954540054247B /* Release */ = {
			isa = XCBuildConfiguration;
			buildSettings = {
				ALWAYS_SEARCH_USER_PATHS = NO;
				ARCHS = x86_64;
				CINDER_PATH = ../../../../../lib/cinder;
				CLANG_CXX_LANGUAGE_STANDARD = "c++0x";
				CLANG_CXX_LIBRARY = "libc++";
				GCC_WARN_ABOUT_RETURN_TYPE = YES;
				GCC_WARN_UNUSED_VARIABLE = YES;
				HEADER_SEARCH_PATHS = "\"$(CINDER_PATH)/boost\"";
				MACOSX_DEPLOYMENT_TARGET = 10.8;
				SDKROOT = macosx;
				USER_HEADER_SEARCH_PATHS = "\"$(CINDER_PATH)/include\" ../include";
			};
			name = Release;
		};
/* End XCBuildConfiguration section */

/* Begin XCConfigurationList section */
		C01FCF4A08A954540054247B /* Build configuration list for PBXNativeTarget "AsioTester" */ = {
			isa = XCConfigurationList;
			buildConfigurations = (
				C01FCF4B08A954540054247B /* Debug */,
				C01FCF4C08A954540054247B /* Release */,
			);
			defaultConfigurationIsVisible = 0;
			defaultConfigurationName = Release;
		};
		C01FCF4E08A954540054247B /* Build configuration list for PBXProject "AsioTester" */ = {
			isa = XCConfigurationList;
			buildConfigurations = (
				C01FCF4F08A954540054247B /* Debug */,
				C01FCF5008A954540054247B /* Release */,
			);
			defaultConfigurationIsVisible = 0;
			defaultConfigurationName = Release;
		};
/* End XCConfigurationList section */
	};
	rootObject = 29B97313FDCFA39411CA2CEA /* Project object */;
}
